
Microsoft Visual Studio Solution File, Format Version 12.00
# Visual Studio Version 17
VisualStudioVersion = 17.14.36429.23 d17.14
MinimumVisualStudioVersion = 10.0.40219.1
Project("{FAE04EC0-301F-11D3-BF4B-00C04F79EFBC}") = "Lab2_NT106", "Lab2_NT106\Lab2_NT106.csproj", "{3683CA96-9016-44A0-ABE0-43B64D1188C4}"
EndProject
Global
	GlobalSection(SolutionConfigurationPlatforms) = preSolution
		Debug|Any CPU = Debug|Any CPU
		Release|Any CPU = Release|Any CPU
	EndGlobalSection
	GlobalSection(ProjectConfigurationPlatforms) = postSolution
		{3683CA96-9016-44A0-ABE0-43B64D1188C4}.Debug|Any CPU.ActiveCfg = Debug|Any CPU
		{3683CA96-9016-44A0-ABE0-43B64D1188C4}.Debug|Any CPU.Build.0 = Debug|Any CPU
		{3683CA96-9016-44A0-ABE0-43B64D1188C4}.Release|Any CPU.ActiveCfg = Release|Any CPU
		{3683CA96-9016-44A0-ABE0-43B64D1188C4}.Release|Any CPU.Build.0 = Release|Any CPU
	EndGlobalSection
	GlobalSection(SolutionProperties) = preSolution
		HideSolutionNode = FALSE
	EndGlobalSection
	GlobalSection(ExtensibilityGlobals) = postSolution
		SolutionGuid = {A587C160-988D-47DC-AAA4-4AC8DC5E0FF0}
	EndGlobalSection
EndGlobal
